// !$*UTF8*$!
{
	archiveVersion = 1;
	classes = {
	};
	objectVersion = 46;
	objects = {

/* Begin PBXBuildFile section */
		6C0EAF8A1E82282500EE01EA /* AppDelegate.swift in Sources */ = {isa = PBXBuildFile; fileRef = 6C0EAF891E82282500EE01EA /* AppDelegate.swift */; };
		6C0EAF8C1E82282500EE01EA /* ViewController.swift in Sources */ = {isa = PBXBuildFile; fileRef = 6C0EAF8B1E82282500EE01EA /* ViewController.swift */; };
		6C0EAF8F1E82282500EE01EA /* Main.storyboard in Resources */ = {isa = PBXBuildFile; fileRef = 6C0EAF8D1E82282500EE01EA /* Main.storyboard */; };
		6C0EAF911E82282500EE01EA /* Assets.xcassets in Resources */ = {isa = PBXBuildFile; fileRef = 6C0EAF901E82282500EE01EA /* Assets.xcassets */; };
		6C0EAF941E82282500EE01EA /* LaunchScreen.storyboard in Resources */ = {isa = PBXBuildFile; fileRef = 6C0EAF921E82282500EE01EA /* LaunchScreen.storyboard */; };
/* End PBXBuildFile section */

/* Begin PBXFileReference section */
		6C0EAF861E82282500EE01EA /* CALayer and Shadow.app */ = {isa = PBXFileReference; explicitFileType = wrapper.application; includeInIndex = 0; path = "CALayer and Shadow.app"; sourceTree = BUILT_PRODUCTS_DIR; };
		6C0EAF891E82282500EE01EA /* AppDelegate.swift */ = {isa = PBXFileReference; lastKnownFileType = sourcecode.swift; path = AppDelegate.swift; sourceTree = "<group>"; };
		6C0EAF8B1E82282500EE01EA /* ViewController.swift */ = {isa = PBXFileReference; lastKnownFileType = sourcecode.swift; path = ViewController.swift; sourceTree = "<group>"; };
		6C0EAF8E1E82282500EE01EA /* Base */ = {isa = PBXFileReference; lastKnownFileType = file.storyboard; name = Base; path = Base.lproj/Main.storyboard; sourceTree = "<group>"; };
		6C0EAF901E82282500EE01EA /* Assets.xcassets */ = {isa = PBXFileReference; lastKnownFileType = folder.assetcatalog; path = Assets.xcassets; sourceTree = "<group>"; };
		6C0EAF931E82282500EE01EA /* Base */ = {isa = PBXFileReference; lastKnownFileType = file.storyboard; name = Base; path = Base.lproj/LaunchScreen.storyboard; sourceTree = "<group>"; };
		6C0EAF951E82282500EE01EA /* Info.plist */ = {isa = PBXFileReference; lastKnownFileType = text.plist.xml; path = Info.plist; sourceTree = "<group>"; };
/* End PBXFileReference section */

/* Begin PBXFrameworksBuildPhase section */
		6C0EAF831E82282500EE01EA /* Frameworks */ = {
			isa = PBXFrameworksBuildPhase;
			buildActionMask = 2147483647;
			files = (
			);
			runOnlyForDeploymentPostprocessing = 0;
		};
/* End PBXFrameworksBuildPhase section */

/* Begin PBXGroup section */
		6C0EAF7D1E82282500EE01EA = {
			isa = PBXGroup;
			children = (
				6C0EAF881E82282500EE01EA /* CALayer and Shadow */,
				6C0EAF871E82282500EE01EA /* Products */,
			);
			sourceTree = "<group>";
		};
		6C0EAF871E82282500EE01EA /* Products */ = {
			isa = PBXGroup;
			children = (
				6C0EAF861E82282500EE01EA /* CALayer and Shadow.app */,
			);
			name = Products;
			sourceTree = "<group>";
		};
		6C0EAF881E82282500EE01EA /* CALayer and Shadow */ = {
			isa = PBXGroup;
			children = (
				6C0EAF891E82282500EE01EA /* AppDelegate.swift */,
				6C0EAF8B1E82282500EE01EA /* ViewController.swift */,
				6C0EAF8D1E82282500EE01EA /* Main.storyboard */,
				6C0EAF901E82282500EE01EA /* Assets.xcassets */,
				6C0EAF921E82282500EE01EA /* LaunchScreen.storyboard */,
				6C0EAF951E82282500EE01EA /* Info.plist */,
			);
			path = "CALayer and Shadow";
			sourceTree = "<group>";
		};
/* End PBXGroup section */

/* Begin PBXNativeTarget section */
		6C0EAF851E82282500EE01EA /* CALayer and Shadow */ = {
			isa = PBXNativeTarget;
			buildConfigurationList = 6C0EAF981E82282500EE01EA /* Build configuration list for PBXNativeTarget "CALayer and Shadow" */;
			buildPhases = (
				6C0EAF821E82282500EE01EA /* Sources */,
				6C0EAF831E82282500EE01EA /* Frameworks */,
				6C0EAF841E82282500EE01EA /* Resources */,
			);
			buildRules = (
			);
			dependencies = (
			);
			name = "CALayer and Shadow";
			productName = "CALayer and Shadow";
			productReference = 6C0EAF861E82282500EE01EA /* CALayer and Shadow.app */;
			productType = "com.apple.product-type.application";
		};
/* End PBXNativeTarget section */

/* Begin PBXProject section */
		6C0EAF7E1E82282500EE01EA /* Project object */ = {
			isa = PBXProject;
			attributes = {
				LastSwiftUpdateCheck = 0820;
				LastUpgradeCheck = 0820;
				ORGANIZATIONNAME = nicktd;
				TargetAttributes = {
					6C0EAF851E82282500EE01EA = {
						CreatedOnToolsVersion = 8.2.1;
						ProvisioningStyle = Automatic;
					};
				};
			};
			buildConfigurationList = 6C0EAF811E82282500EE01EA /* Build configuration list for PBXProject "CALayer and Shadow" */;
			compatibilityVersion = "Xcode 3.2";
			developmentRegion = English;
			hasScannedForEncodings = 0;
			knownRegions = (
				en,
				Base,
			);
			mainGroup = 6C0EAF7D1E82282500EE01EA;
			productRefGroup = 6C0EAF871E82282500EE01EA /* Products */;
			projectDirPath = "";
			projectRoot = "";
			targets = (
				6C0EAF851E82282500EE01EA /* CALayer and Shadow */,
			);
		};
/* End PBXProject section */

/* Begin PBXResourcesBuildPhase section */
		6C0EAF841E82282500EE01EA /* Resources */ = {
			isa = PBXResourcesBuildPhase;
			buildActionMask = 2147483647;
			files = (
				6C0EAF941E82282500EE01EA /* LaunchScreen.storyboard in Resources */,
				6C0EAF911E82282500EE01EA /* Assets.xcassets in Resources */,
				6C0EAF8F1E82282500EE01EA /* Main.storyboard in Resources */,
			);
			runOnlyForDeploymentPostprocessing = 0;
		};
/* End PBXResourcesBuildPhase section */

/* Begin PBXSourcesBuildPhase section */
		6C0EAF821E82282500EE01EA /* Sources */ = {
			isa = PBXSourcesBuildPhase;
			buildActionMask = 2147483647;
			files = (
				6C0EAF8C1E82282500EE01EA /* ViewController.swift in Sources */,
				6C0EAF8A1E82282500EE01EA /* AppDelegate.swift in Sources */,
			);
			runOnlyForDeploymentPostprocessing = 0;
		};
/* End PBXSourcesBuildPhase section */

/* Begin PBXVariantGroup section */
		6C0EAF8D1E82282500EE01EA /* Main.storyboard */ = {
			isa = PBXVariantGroup;
			children = (
				6C0EAF8E1E82282500EE01EA /* Base */,
			);
			name = Main.storyboard;
			sourceTree = "<group>";
		};
		6C0EAF921E82282500EE01EA /* LaunchScreen.storyboard */ = {
			isa = PBXVariantGroup;
			children = (
				6C0EAF931E82282500EE01EA /* Base */,
			);
			name = LaunchScreen.storyboard;
			sourceTree = "<group>";
		};
/* End PBXVariantGroup section */

/* Begin XCBuildConfiguration section */
		6C0EAF961E82282500EE01EA /* Debug */ = {
			isa = XCBuildConfiguration;
			buildSettings = {
				ALWAYS_SEARCH_USER_PATHS = NO;
				CLANG_ANALYZER_NONNULL = YES;
				CLANG_CXX_LANGUAGE_STANDARD = "gnu++0x";
				CLANG_CXX_LIBRARY = "libc++";
				CLANG_ENABLE_MODULES = YES;
				CLANG_ENABLE_OBJC_ARC = YES;
				CLANG_WARN_BOOL_CONVERSION = YES;
				CLANG_WARN_CONSTANT_CONVERSION = YES;
				CLANG_WARN_DIRECT_OBJC_ISA_USAGE = YES_ERROR;
				CLANG_WARN_DOCUMENTATION_COMMENTS = YES;
				CLANG_WARN_EMPTY_BODY = YES;
				CLANG_WARN_ENUM_CONVERSION = YES;
				CLANG_WARN_INFINITE_RECURSION = YES;
				CLANG_WARN_INT_CONVERSION = YES;
				CLANG_WARN_OBJC_ROOT_CLASS = YES_ERROR;
				CLANG_WARN_SUSPICIOUS_MOVE = YES;
				CLANG_WARN_UNREACHABLE_CODE = YES;
				CLANG_WARN__DUPLICATE_METHOD_MATCH = YES;
				"CODE_SIGN_IDENTITY[sdk=iphoneos*]" = "iPhone Developer";
				COPY_PHASE_STRIP = NO;
				DEBUG_INFORMATION_FORMAT = dwarf;
				ENABLE_STRICT_OBJC_MSGSEND = YES;
				ENABLE_TESTABILITY = YES;
				GCC_C_LANGUAGE_STANDARD = gnu99;
				GCC_DYNAMIC_NO_PIC = NO;
				GCC_NO_COMMON_BLOCKS = YES;
				GCC_OPTIMIZATION_LEVEL = 0;
				GCC_PREPROCESSOR_DEFINITIONS = (
					"DEBUG=1",
					"$(inherited)",
				);
				GCC_WARN_64_TO_32_BIT_CONVERSION = YES;
				GCC_WARN_ABOUT_RETURN_TYPE = YES_ERROR;
				GCC_WARN_UNDECLARED_SELECTOR = YES;
				GCC_WARN_UNINITIALIZED_AUTOS = YES_AGGRESSIVE;
				GCC_WARN_UNUSED_FUNCTION = YES;
				GCC_WARN_UNUSED_VARIABLE = YES;
				IPHONEOS_DEPLOYMENT_TARGET = 10.2;
				MTL_ENABLE_DEBUG_INFO = YES;
				ONLY_ACTIVE_ARCH = YES;
				SDKROOT = iphoneos;
				SWIFT_ACTIVE_COMPILATION_CONDITIONS = DEBUG;
				SWIFT_OPTIMIZATION_LEVEL = "-Onone";
				TARGETED_DEVICE_FAMILY = "1,2";
			};
			name = Debug;
		};
		6C0EAF971E82282500EE01EA /* Release */ = {
			isa = XCBuildConfiguration;
			buildSettings = {
				ALWAYS_SEARCH_USER_PATHS = NO;
				CLANG_ANALYZER_NONNULL = YES;
				CLANG_CXX_LANGUAGE_STANDARD = "gnu++0x";
				CLANG_CXX_LIBRARY = "libc++";
				CLANG_ENABLE_MODULES = YES;
				CLANG_ENABLE_OBJC_ARC = YES;
				CLANG_WARN_BOOL_CONVERSION = YES;
				CLANG_WARN_CONSTANT_CONVERSION = YES;
				CLANG_WARN_DIRECT_OBJC_ISA_USAGE = YES_ERROR;
				CLANG_WARN_DOCUMENTATION_COMMENTS = YES;
				CLANG_WARN_EMPTY_BODY = YES;
				CLANG_WARN_ENUM_CONVERSION = YES;
				CLANG_WARN_INFINITE_RECURSION = YES;
				CLANG_WARN_INT_CONVERSION = YES;
				CLANG_WARN_OBJC_ROOT_CLASS = YES_ERROR;
				CLANG_WARN_SUSPICIOUS_MOVE = YES;
				CLANG_WARN_UNREACHABLE_CODE = YES;
				CLANG_WARN__DUPLICATE_METHOD_MATCH = YES;
				"CODE_SIGN_IDENTITY[sdk=iphoneos*]" = "iPhone Developer";
				COPY_PHASE_STRIP = NO;
				DEBUG_INFORMATION_FORMAT = "dwarf-with-dsym";
				ENABLE_NS_ASSERTIONS = NO;
				ENABLE_STRICT_OBJC_MSGSEND = YES;
				GCC_C_LANGUAGE_STANDARD = gnu99;
				GCC_NO_COMMON_BLOCKS = YES;
				GCC_WARN_64_TO_32_BIT_CONVERSION = YES;
				GCC_WARN_ABOUT_RETURN_TYPE = YES_ERROR;
				GCC_WARN_UNDECLARED_SELECTOR = YES;
				GCC_WARN_UNINITIALIZED_AUTOS = YES_AGGRESSIVE;
				GCC_WARN_UNUSED_FUNCTION = YES;
				GCC_WARN_UNUSED_VARIABLE = YES;
				IPHONEOS_DEPLOYMENT_TARGET = 10.2;
				MTL_ENABLE_DEBUG_INFO = NO;
				SDKROOT = iphoneos;
				SWIFT_OPTIMIZATION_LEVEL = "-Owholemodule";
				TARGETED_DEVICE_FAMILY = "1,2";
				VALIDATE_PRODUCT = YES;
			};
			name = Release;
		};
		6C0EAF991E82282500EE01EA /* Debug */ = {
			isa = XCBuildConfiguration;
			buildSettings = {
				ASSETCATALOG_COMPILER_APPICON_NAME = AppIcon;
				INFOPLIST_FILE = "CALayer and Shadow/Info.plist";
				LD_RUNPATH_SEARCH_PATHS = "$(inherited) @executable_path/Frameworks";
				PRODUCT_BUNDLE_IDENTIFIER = "com.nicktd.CALayer-and-Shadow";
				PRODUCT_NAME = "$(TARGET_NAME)";
				SWIFT_VERSION = 3.0;
			};
			name = Debug;
		};
		6C0EAF9A1E82282500EE01EA /* Release */ = {
			isa = XCBuildConfiguration;
			buildSettings = {
				ASSETCATALOG_COMPILER_APPICON_NAME = AppIcon;
				INFOPLIST_FILE = "CALayer and Shadow/Info.plist";
				LD_RUNPATH_SEARCH_PATHS = "$(inherited) @executable_path/Frameworks";
				PRODUCT_BUNDLE_IDENTIFIER = "com.nicktd.CALayer-and-Shadow";
				PRODUCT_NAME = "$(TARGET_NAME)";
				SWIFT_VERSION = 3.0;
			};
			name = Release;
		};
/* End XCBuildConfiguration section */

/* Begin XCConfigurationList section */
		6C0EAF811E82282500EE01EA /* Build configuration list for PBXProject "CALayer and Shadow" */ = {
			isa = XCConfigurationList;
			buildConfigurations = (
				6C0EAF961E82282500EE01EA /* Debug */,
				6C0EAF971E82282500EE01EA /* Release */,
			);
			defaultConfigurationIsVisible = 0;
			defaultConfigurationName = Release;
		};
		6C0EAF981E82282500EE01EA /* Build configuration list for PBXNativeTarget "CALayer and Shadow" */ = {
			isa = XCConfigurationList;
			buildConfigurations = (
				6C0EAF991E82282500EE01EA /* Debug */,
				6C0EAF9A1E82282500EE01EA /* Release */,
			);
			defaultConfigurationIsVisible = 0;
		};
/* End XCConfigurationList section */
	};
	rootObject = 6C0EAF7E1E82282500EE01EA /* Project object */;
}
